
Microsoft Visual Studio Solution File, Format Version 12.00
# Visual Studio 14
VisualStudioVersion = 14.0.24720.0
MinimumVisualStudioVersion = 10.0.40219.1
Project("{FAE04EC0-301F-11D3-BF4B-00C04F79EFBC}") = "Brute-force1", "Brute-force1\Brute-force1.csproj", "{5781CB7D-7388-43B2-9D2A-4F8CD526313C}"
EndProject
Project("{FAE04EC0-301F-11D3-BF4B-00C04F79EFBC}") = "GetOneHopNode", "..\GetOneHopNode\GetOneHopNode\GetOneHopNode.csproj", "{6BB600F1-89AA-45AB-B092-F108C202E60D}"
EndProject
Project("{FAE04EC0-301F-11D3-BF4B-00C04F79EFBC}") = "magApiCs", "..\magApiCs\magApiCs\magApiCs.csproj", "{A89CB32B-663D-425E-8364-81997B0DB435}"
EndProject
Project("{FAE04EC0-301F-11D3-BF4B-00C04F79EFBC}") = "magApiTest", "..\GetOneHopNode\magApiTest\magApiTest.csproj", "{A80C78BB-3C79-4065-B4EA-2496BDE397B4}"
EndProject
Project("{FAE04EC0-301F-11D3-BF4B-00C04F79EFBC}") = "GetOneHopNodeTest", "..\GetOneHopNode\GetOneHopNodeTest\GetOneHopNodeTest.csproj", "{8794EF8A-8739-4286-851F-25FB8878CD18}"
EndProject
Global
	GlobalSection(SolutionConfigurationPlatforms) = preSolution
		Debug|Any CPU = Debug|Any CPU
		Release|Any CPU = Release|Any CPU
	EndGlobalSection
	GlobalSection(ProjectConfigurationPlatforms) = postSolution
		{5781CB7D-7388-43B2-9D2A-4F8CD526313C}.Debug|Any CPU.ActiveCfg = Debug|Any CPU
		{5781CB7D-7388-43B2-9D2A-4F8CD526313C}.Debug|Any CPU.Build.0 = Debug|Any CPU
		{5781CB7D-7388-43B2-9D2A-4F8CD526313C}.Release|Any CPU.ActiveCfg = Release|Any CPU
		{5781CB7D-7388-43B2-9D2A-4F8CD526313C}.Release|Any CPU.Build.0 = Release|Any CPU
		{6BB600F1-89AA-45AB-B092-F108C202E60D}.Debug|Any CPU.ActiveCfg = Debug|Any CPU
		{6BB600F1-89AA-45AB-B092-F108C202E60D}.Debug|Any CPU.Build.0 = Debug|Any CPU
		{6BB600F1-89AA-45AB-B092-F108C202E60D}.Release|Any CPU.ActiveCfg = Release|Any CPU
		{6BB600F1-89AA-45AB-B092-F108C202E60D}.Release|Any CPU.Build.0 = Release|Any CPU
		{A89CB32B-663D-425E-8364-81997B0DB435}.Debug|Any CPU.ActiveCfg = Debug|Any CPU
		{A89CB32B-663D-425E-8364-81997B0DB435}.Debug|Any CPU.Build.0 = Debug|Any CPU
		{A89CB32B-663D-425E-8364-81997B0DB435}.Release|Any CPU.ActiveCfg = Release|Any CPU
		{A89CB32B-663D-425E-8364-81997B0DB435}.Release|Any CPU.Build.0 = Release|Any CPU
		{A80C78BB-3C79-4065-B4EA-2496BDE397B4}.Debug|Any CPU.ActiveCfg = Debug|Any CPU
		{A80C78BB-3C79-4065-B4EA-2496BDE397B4}.Debug|Any CPU.Build.0 = Debug|Any CPU
		{A80C78BB-3C79-4065-B4EA-2496BDE397B4}.Release|Any CPU.ActiveCfg = Release|Any CPU
		{A80C78BB-3C79-4065-B4EA-2496BDE397B4}.Release|Any CPU.Build.0 = Release|Any CPU
		{8794EF8A-8739-4286-851F-25FB8878CD18}.Debug|Any CPU.ActiveCfg = Debug|Any CPU
		{8794EF8A-8739-4286-851F-25FB8878CD18}.Debug|Any CPU.Build.0 = Debug|Any CPU
		{8794EF8A-8739-4286-851F-25FB8878CD18}.Release|Any CPU.ActiveCfg = Release|Any CPU
		{8794EF8A-8739-4286-851F-25FB8878CD18}.Release|Any CPU.Build.0 = Release|Any CPU
	EndGlobalSection
	GlobalSection(SolutionProperties) = preSolution
		HideSolutionNode = FALSE
	EndGlobalSection
EndGlobal
